// !$*UTF8*$!
{
	archiveVersion = 1;
	classes = {
	};
	objectVersion = 46;
	objects = {

/* Begin PBXBuildFile section */
		AA21A4FD1E4666EB0062B2B8 /* AppDelegate.swift in Sources */ = {isa = PBXBuildFile; fileRef = AA21A4FC1E4666EB0062B2B8 /* AppDelegate.swift */; };
		AA21A4FF1E4666EB0062B2B8 /* ViewController.swift in Sources */ = {isa = PBXBuildFile; fileRef = AA21A4FE1E4666EB0062B2B8 /* ViewController.swift */; };
		AA21A5021E4666EB0062B2B8 /* Main.storyboard in Resources */ = {isa = PBXBuildFile; fileRef = AA21A5001E4666EB0062B2B8 /* Main.storyboard */; };
		AA21A5041E4666EB0062B2B8 /* Assets.xcassets in Resources */ = {isa = PBXBuildFile; fileRef = AA21A5031E4666EB0062B2B8 /* Assets.xcassets */; };
		AA21A5071E4666EB0062B2B8 /* LaunchScreen.storyboard in Resources */ = {isa = PBXBuildFile; fileRef = AA21A5051E4666EB0062B2B8 /* LaunchScreen.storyboard */; };
		AA21A5121E4666EB0062B2B8 /* GymBuddy1_0Tests.swift in Sources */ = {isa = PBXBuildFile; fileRef = AA21A5111E4666EB0062B2B8 /* GymBuddy1_0Tests.swift */; };
		AA21A51D1E4666EB0062B2B8 /* GymBuddy1_0UITests.swift in Sources */ = {isa = PBXBuildFile; fileRef = AA21A51C1E4666EB0062B2B8 /* GymBuddy1_0UITests.swift */; };
		AA21A52C1E4667440062B2B8 /* libsqlite3.tbd in Frameworks */ = {isa = PBXBuildFile; fileRef = AA21A52B1E4667440062B2B8 /* libsqlite3.tbd */; };
		AA21A5301E4669710062B2B8 /* DBManager.m in Sources */ = {isa = PBXBuildFile; fileRef = AA21A52F1E4669710062B2B8 /* DBManager.m */; };
/* End PBXBuildFile section */

/* Begin PBXContainerItemProxy section */
		AA21A50E1E4666EB0062B2B8 /* PBXContainerItemProxy */ = {
			isa = PBXContainerItemProxy;
			containerPortal = AA21A4F11E4666EA0062B2B8 /* Project object */;
			proxyType = 1;
			remoteGlobalIDString = AA21A4F81E4666EA0062B2B8;
			remoteInfo = GymBuddy1.0;
		};
		AA21A5191E4666EB0062B2B8 /* PBXContainerItemProxy */ = {
			isa = PBXContainerItemProxy;
			containerPortal = AA21A4F11E4666EA0062B2B8 /* Project object */;
			proxyType = 1;
			remoteGlobalIDString = AA21A4F81E4666EA0062B2B8;
			remoteInfo = GymBuddy1.0;
		};
/* End PBXContainerItemProxy section */

/* Begin PBXFileReference section */
		AA21A4F91E4666EB0062B2B8 /* GymBuddy1.0.app */ = {isa = PBXFileReference; explicitFileType = wrapper.application; includeInIndex = 0; path = GymBuddy1.0.app; sourceTree = BUILT_PRODUCTS_DIR; };
		AA21A4FC1E4666EB0062B2B8 /* AppDelegate.swift */ = {isa = PBXFileReference; lastKnownFileType = sourcecode.swift; path = AppDelegate.swift; sourceTree = "<group>"; };
		AA21A4FE1E4666EB0062B2B8 /* ViewController.swift */ = {isa = PBXFileReference; lastKnownFileType = sourcecode.swift; path = ViewController.swift; sourceTree = "<group>"; };
		AA21A5011E4666EB0062B2B8 /* Base */ = {isa = PBXFileReference; lastKnownFileType = file.storyboard; name = Base; path = Base.lproj/Main.storyboard; sourceTree = "<group>"; };
		AA21A5031E4666EB0062B2B8 /* Assets.xcassets */ = {isa = PBXFileReference; lastKnownFileType = folder.assetcatalog; path = Assets.xcassets; sourceTree = "<group>"; };
		AA21A5061E4666EB0062B2B8 /* Base */ = {isa = PBXFileReference; lastKnownFileType = file.storyboard; name = Base; path = Base.lproj/LaunchScreen.storyboard; sourceTree = "<group>"; };
		AA21A5081E4666EB0062B2B8 /* Info.plist */ = {isa = PBXFileReference; lastKnownFileType = text.plist.xml; path = Info.plist; sourceTree = "<group>"; };
		AA21A50D1E4666EB0062B2B8 /* GymBuddy1.0Tests.xctest */ = {isa = PBXFileReference; explicitFileType = wrapper.cfbundle; includeInIndex = 0; path = GymBuddy1.0Tests.xctest; sourceTree = BUILT_PRODUCTS_DIR; };
		AA21A5111E4666EB0062B2B8 /* GymBuddy1_0Tests.swift */ = {isa = PBXFileReference; lastKnownFileType = sourcecode.swift; path = GymBuddy1_0Tests.swift; sourceTree = "<group>"; };
		AA21A5131E4666EB0062B2B8 /* Info.plist */ = {isa = PBXFileReference; lastKnownFileType = text.plist.xml; path = Info.plist; sourceTree = "<group>"; };
		AA21A5181E4666EB0062B2B8 /* GymBuddy1.0UITests.xctest */ = {isa = PBXFileReference; explicitFileType = wrapper.cfbundle; includeInIndex = 0; path = GymBuddy1.0UITests.xctest; sourceTree = BUILT_PRODUCTS_DIR; };
		AA21A51C1E4666EB0062B2B8 /* GymBuddy1_0UITests.swift */ = {isa = PBXFileReference; lastKnownFileType = sourcecode.swift; path = GymBuddy1_0UITests.swift; sourceTree = "<group>"; };
		AA21A51E1E4666EB0062B2B8 /* Info.plist */ = {isa = PBXFileReference; lastKnownFileType = text.plist.xml; path = Info.plist; sourceTree = "<group>"; };
		AA21A52B1E4667440062B2B8 /* libsqlite3.tbd */ = {isa = PBXFileReference; lastKnownFileType = "sourcecode.text-based-dylib-definition"; name = libsqlite3.tbd; path = usr/lib/libsqlite3.tbd; sourceTree = SDKROOT; };
		AA21A52D1E4669710062B2B8 /* GymBuddy1.0-Bridging-Header.h */ = {isa = PBXFileReference; lastKnownFileType = sourcecode.c.h; path = "GymBuddy1.0-Bridging-Header.h"; sourceTree = "<group>"; };
		AA21A52E1E4669710062B2B8 /* DBManager.h */ = {isa = PBXFileReference; fileEncoding = 4; lastKnownFileType = sourcecode.c.h; path = DBManager.h; sourceTree = "<group>"; };
		AA21A52F1E4669710062B2B8 /* DBManager.m */ = {isa = PBXFileReference; fileEncoding = 4; lastKnownFileType = sourcecode.c.objc; path = DBManager.m; sourceTree = "<group>"; };
/* End PBXFileReference section */

/* Begin PBXFrameworksBuildPhase section */
		AA21A4F61E4666EA0062B2B8 /* Frameworks */ = {
			isa = PBXFrameworksBuildPhase;
			buildActionMask = 2147483647;
			files = (
				AA21A52C1E4667440062B2B8 /* libsqlite3.tbd in Frameworks */,
			);
			runOnlyForDeploymentPostprocessing = 0;
		};
		AA21A50A1E4666EB0062B2B8 /* Frameworks */ = {
			isa = PBXFrameworksBuildPhase;
			buildActionMask = 2147483647;
			files = (
			);
			runOnlyForDeploymentPostprocessing = 0;
		};
		AA21A5151E4666EB0062B2B8 /* Frameworks */ = {
			isa = PBXFrameworksBuildPhase;
			buildActionMask = 2147483647;
			files = (
			);
			runOnlyForDeploymentPostprocessing = 0;
		};
/* End PBXFrameworksBuildPhase section */

/* Begin PBXGroup section */
		AA21A4F01E4666EA0062B2B8 = {
			isa = PBXGroup;
			children = (
				AA21A52E1E4669710062B2B8 /* DBManager.h */,
				AA21A52F1E4669710062B2B8 /* DBManager.m */,
				AA21A4FB1E4666EB0062B2B8 /* GymBuddy1.0 */,
				AA21A5101E4666EB0062B2B8 /* GymBuddy1.0Tests */,
				AA21A51B1E4666EB0062B2B8 /* GymBuddy1.0UITests */,
				AA21A4FA1E4666EB0062B2B8 /* Products */,
				AA21A52A1E4667440062B2B8 /* Frameworks */,
				AA21A52D1E4669710062B2B8 /* GymBuddy1.0-Bridging-Header.h */,
			);
			sourceTree = "<group>";
		};
		AA21A4FA1E4666EB0062B2B8 /* Products */ = {
			isa = PBXGroup;
			children = (
				AA21A4F91E4666EB0062B2B8 /* GymBuddy1.0.app */,
				AA21A50D1E4666EB0062B2B8 /* GymBuddy1.0Tests.xctest */,
				AA21A5181E4666EB0062B2B8 /* GymBuddy1.0UITests.xctest */,
			);
			name = Products;
			sourceTree = "<group>";
		};
		AA21A4FB1E4666EB0062B2B8 /* GymBuddy1.0 */ = {
			isa = PBXGroup;
			children = (
				AA21A4FC1E4666EB0062B2B8 /* AppDelegate.swift */,
				AA21A4FE1E4666EB0062B2B8 /* ViewController.swift */,
				AA21A5001E4666EB0062B2B8 /* Main.storyboard */,
				AA21A5031E4666EB0062B2B8 /* Assets.xcassets */,
				AA21A5051E4666EB0062B2B8 /* LaunchScreen.storyboard */,
				AA21A5081E4666EB0062B2B8 /* Info.plist */,
			);
			path = GymBuddy1.0;
			sourceTree = "<group>";
		};
		AA21A5101E4666EB0062B2B8 /* GymBuddy1.0Tests */ = {
			isa = PBXGroup;
			children = (
				AA21A5111E4666EB0062B2B8 /* GymBuddy1_0Tests.swift */,
				AA21A5131E4666EB0062B2B8 /* Info.plist */,
			);
			path = GymBuddy1.0Tests;
			sourceTree = "<group>";
		};
		AA21A51B1E4666EB0062B2B8 /* GymBuddy1.0UITests */ = {
			isa = PBXGroup;
			children = (
				AA21A51C1E4666EB0062B2B8 /* GymBuddy1_0UITests.swift */,
				AA21A51E1E4666EB0062B2B8 /* Info.plist */,
			);
			path = GymBuddy1.0UITests;
			sourceTree = "<group>";
		};
		AA21A52A1E4667440062B2B8 /* Frameworks */ = {
			isa = PBXGroup;
			children = (
				AA21A52B1E4667440062B2B8 /* libsqlite3.tbd */,
			);
			name = Frameworks;
			sourceTree = "<group>";
		};
/* End PBXGroup section */

/* Begin PBXNativeTarget section */
		AA21A4F81E4666EA0062B2B8 /* GymBuddy1.0 */ = {
			isa = PBXNativeTarget;
			buildConfigurationList = AA21A5211E4666EB0062B2B8 /* Build configuration list for PBXNativeTarget "GymBuddy1.0" */;
			buildPhases = (
				AA21A4F51E4666EA0062B2B8 /* Sources */,
				AA21A4F61E4666EA0062B2B8 /* Frameworks */,
				AA21A4F71E4666EA0062B2B8 /* Resources */,
			);
			buildRules = (
			);
			dependencies = (
			);
			name = GymBuddy1.0;
			productName = GymBuddy1.0;
			productReference = AA21A4F91E4666EB0062B2B8 /* GymBuddy1.0.app */;
			productType = "com.apple.product-type.application";
		};
		AA21A50C1E4666EB0062B2B8 /* GymBuddy1.0Tests */ = {
			isa = PBXNativeTarget;
			buildConfigurationList = AA21A5241E4666EB0062B2B8 /* Build configuration list for PBXNativeTarget "GymBuddy1.0Tests" */;
			buildPhases = (
				AA21A5091E4666EB0062B2B8 /* Sources */,
				AA21A50A1E4666EB0062B2B8 /* Frameworks */,
				AA21A50B1E4666EB0062B2B8 /* Resources */,
			);
			buildRules = (
			);
			dependencies = (
				AA21A50F1E4666EB0062B2B8 /* PBXTargetDependency */,
			);
			name = GymBuddy1.0Tests;
			productName = GymBuddy1.0Tests;
			productReference = AA21A50D1E4666EB0062B2B8 /* GymBuddy1.0Tests.xctest */;
			productType = "com.apple.product-type.bundle.unit-test";
		};
		AA21A5171E4666EB0062B2B8 /* GymBuddy1.0UITests */ = {
			isa = PBXNativeTarget;
			buildConfigurationList = AA21A5271E4666EB0062B2B8 /* Build configuration list for PBXNativeTarget "GymBuddy1.0UITests" */;
			buildPhases = (
				AA21A5141E4666EB0062B2B8 /* Sources */,
				AA21A5151E4666EB0062B2B8 /* Frameworks */,
				AA21A5161E4666EB0062B2B8 /* Resources */,
			);
			buildRules = (
			);
			dependencies = (
				AA21A51A1E4666EB0062B2B8 /* PBXTargetDependency */,
			);
			name = GymBuddy1.0UITests;
			productName = GymBuddy1.0UITests;
			productReference = AA21A5181E4666EB0062B2B8 /* GymBuddy1.0UITests.xctest */;
			productType = "com.apple.product-type.bundle.ui-testing";
		};
/* End PBXNativeTarget section */

/* Begin PBXProject section */
		AA21A4F11E4666EA0062B2B8 /* Project object */ = {
			isa = PBXProject;
			attributes = {
				LastSwiftUpdateCheck = 0820;
				LastUpgradeCheck = 0820;
				ORGANIZATIONNAME = "Hidden Figures";
				TargetAttributes = {
					AA21A4F81E4666EA0062B2B8 = {
						CreatedOnToolsVersion = 8.2.1;
						LastSwiftMigration = 0820;
						ProvisioningStyle = Automatic;
					};
					AA21A50C1E4666EB0062B2B8 = {
						CreatedOnToolsVersion = 8.2.1;
						ProvisioningStyle = Automatic;
						TestTargetID = AA21A4F81E4666EA0062B2B8;
					};
					AA21A5171E4666EB0062B2B8 = {
						CreatedOnToolsVersion = 8.2.1;
						ProvisioningStyle = Automatic;
						TestTargetID = AA21A4F81E4666EA0062B2B8;
					};
				};
			};
			buildConfigurationList = AA21A4F41E4666EA0062B2B8 /* Build configuration list for PBXProject "GymBuddy1.0" */;
			compatibilityVersion = "Xcode 3.2";
			developmentRegion = English;
			hasScannedForEncodings = 0;
			knownRegions = (
				en,
				Base,
			);
			mainGroup = AA21A4F01E4666EA0062B2B8;
			productRefGroup = AA21A4FA1E4666EB0062B2B8 /* Products */;
			projectDirPath = "";
			projectRoot = "";
			targets = (
				AA21A4F81E4666EA0062B2B8 /* GymBuddy1.0 */,
				AA21A50C1E4666EB0062B2B8 /* GymBuddy1.0Tests */,
				AA21A5171E4666EB0062B2B8 /* GymBuddy1.0UITests */,
			);
		};
/* End PBXProject section */

/* Begin PBXResourcesBuildPhase section */
		AA21A4F71E4666EA0062B2B8 /* Resources */ = {
			isa = PBXResourcesBuildPhase;
			buildActionMask = 2147483647;
			files = (
				AA21A5071E4666EB0062B2B8 /* LaunchScreen.storyboard in Resources */,
				AA21A5041E4666EB0062B2B8 /* Assets.xcassets in Resources */,
				AA21A5021E4666EB0062B2B8 /* Main.storyboard in Resources */,
			);
			runOnlyForDeploymentPostprocessing = 0;
		};
		AA21A50B1E4666EB0062B2B8 /* Resources */ = {
			isa = PBXResourcesBuildPhase;
			buildActionMask = 2147483647;
			files = (
			);
			runOnlyForDeploymentPostprocessing = 0;
		};
		AA21A5161E4666EB0062B2B8 /* Resources */ = {
			isa = PBXResourcesBuildPhase;
			buildActionMask = 2147483647;
			files = (
			);
			runOnlyForDeploymentPostprocessing = 0;
		};
/* End PBXResourcesBuildPhase section */

/* Begin PBXSourcesBuildPhase section */
		AA21A4F51E4666EA0062B2B8 /* Sources */ = {
			isa = PBXSourcesBuildPhase;
			buildActionMask = 2147483647;
			files = (
				AA21A5301E4669710062B2B8 /* DBManager.m in Sources */,
				AA21A4FF1E4666EB0062B2B8 /* ViewController.swift in Sources */,
				AA21A4FD1E4666EB0062B2B8 /* AppDelegate.swift in Sources */,
			);
			runOnlyForDeploymentPostprocessing = 0;
		};
		AA21A5091E4666EB0062B2B8 /* Sources */ = {
			isa = PBXSourcesBuildPhase;
			buildActionMask = 2147483647;
			files = (
				AA21A5121E4666EB0062B2B8 /* GymBuddy1_0Tests.swift in Sources */,
			);
			runOnlyForDeploymentPostprocessing = 0;
		};
		AA21A5141E4666EB0062B2B8 /* Sources */ = {
			isa = PBXSourcesBuildPhase;
			buildActionMask = 2147483647;
			files = (
				AA21A51D1E4666EB0062B2B8 /* GymBuddy1_0UITests.swift in Sources */,
			);
			runOnlyForDeploymentPostprocessing = 0;
		};
/* End PBXSourcesBuildPhase section */

/* Begin PBXTargetDependency section */
		AA21A50F1E4666EB0062B2B8 /* PBXTargetDependency */ = {
			isa = PBXTargetDependency;
			target = AA21A4F81E4666EA0062B2B8 /* GymBuddy1.0 */;
			targetProxy = AA21A50E1E4666EB0062B2B8 /* PBXContainerItemProxy */;
		};
		AA21A51A1E4666EB0062B2B8 /* PBXTargetDependency */ = {
			isa = PBXTargetDependency;
			target = AA21A4F81E4666EA0062B2B8 /* GymBuddy1.0 */;
			targetProxy = AA21A5191E4666EB0062B2B8 /* PBXContainerItemProxy */;
		};
/* End PBXTargetDependency section */

/* Begin PBXVariantGroup section */
		AA21A5001E4666EB0062B2B8 /* Main.storyboard */ = {
			isa = PBXVariantGroup;
			children = (
				AA21A5011E4666EB0062B2B8 /* Base */,
			);
			name = Main.storyboard;
			sourceTree = "<group>";
		};
		AA21A5051E4666EB0062B2B8 /* LaunchScreen.storyboard */ = {
			isa = PBXVariantGroup;
			children = (
				AA21A5061E4666EB0062B2B8 /* Base */,
			);
			name = LaunchScreen.storyboard;
			sourceTree = "<group>";
		};
/* End PBXVariantGroup section */

/* Begin XCBuildConfiguration section */
		AA21A51F1E4666EB0062B2B8 /* Debug */ = {
			isa = XCBuildConfiguration;
			buildSettings = {
				ALWAYS_SEARCH_USER_PATHS = NO;
				CLANG_ANALYZER_NONNULL = YES;
				CLANG_CXX_LANGUAGE_STANDARD = "gnu++0x";
				CLANG_CXX_LIBRARY = "libc++";
				CLANG_ENABLE_MODULES = YES;
				CLANG_ENABLE_OBJC_ARC = YES;
				CLANG_WARN_BOOL_CONVERSION = YES;
				CLANG_WARN_CONSTANT_CONVERSION = YES;
				CLANG_WARN_DIRECT_OBJC_ISA_USAGE = YES_ERROR;
				CLANG_WARN_DOCUMENTATION_COMMENTS = YES;
				CLANG_WARN_EMPTY_BODY = YES;
				CLANG_WARN_ENUM_CONVERSION = YES;
				CLANG_WARN_INFINITE_RECURSION = YES;
				CLANG_WARN_INT_CONVERSION = YES;
				CLANG_WARN_OBJC_ROOT_CLASS = YES_ERROR;
				CLANG_WARN_SUSPICIOUS_MOVE = YES;
				CLANG_WARN_UNREACHABLE_CODE = YES;
				CLANG_WARN__DUPLICATE_METHOD_MATCH = YES;
				"CODE_SIGN_IDENTITY[sdk=iphoneos*]" = "iPhone Developer";
				COPY_PHASE_STRIP = NO;
				DEBUG_INFORMATION_FORMAT = dwarf;
				ENABLE_STRICT_OBJC_MSGSEND = YES;
				ENABLE_TESTABILITY = YES;
				GCC_C_LANGUAGE_STANDARD = gnu99;
				GCC_DYNAMIC_NO_PIC = NO;
				GCC_NO_COMMON_BLOCKS = YES;
				GCC_OPTIMIZATION_LEVEL = 0;
				GCC_PREPROCESSOR_DEFINITIONS = (
					"DEBUG=1",
					"$(inherited)",
				);
				GCC_WARN_64_TO_32_BIT_CONVERSION = YES;
				GCC_WARN_ABOUT_RETURN_TYPE = YES_ERROR;
				GCC_WARN_UNDECLARED_SELECTOR = YES;
				GCC_WARN_UNINITIALIZED_AUTOS = YES_AGGRESSIVE;
				GCC_WARN_UNUSED_FUNCTION = YES;
				GCC_WARN_UNUSED_VARIABLE = YES;
				IPHONEOS_DEPLOYMENT_TARGET = 10.2;
				MTL_ENABLE_DEBUG_INFO = YES;
				ONLY_ACTIVE_ARCH = YES;
				SDKROOT = iphoneos;
				SWIFT_ACTIVE_COMPILATION_CONDITIONS = DEBUG;
				SWIFT_OPTIMIZATION_LEVEL = "-Onone";
			};
			name = Debug;
		};
		AA21A5201E4666EB0062B2B8 /* Release */ = {
			isa = XCBuildConfiguration;
			buildSettings = {
				ALWAYS_SEARCH_USER_PATHS = NO;
				CLANG_ANALYZER_NONNULL = YES;
				CLANG_CXX_LANGUAGE_STANDARD = "gnu++0x";
				CLANG_CXX_LIBRARY = "libc++";
				CLANG_ENABLE_MODULES = YES;
				CLANG_ENABLE_OBJC_ARC = YES;
				CLANG_WARN_BOOL_CONVERSION = YES;
				CLANG_WARN_CONSTANT_CONVERSION = YES;
				CLANG_WARN_DIRECT_OBJC_ISA_USAGE = YES_ERROR;
				CLANG_WARN_DOCUMENTATION_COMMENTS = YES;
				CLANG_WARN_EMPTY_BODY = YES;
				CLANG_WARN_ENUM_CONVERSION = YES;
				CLANG_WARN_INFINITE_RECURSION = YES;
				CLANG_WARN_INT_CONVERSION = YES;
				CLANG_WARN_OBJC_ROOT_CLASS = YES_ERROR;
				CLANG_WARN_SUSPICIOUS_MOVE = YES;
				CLANG_WARN_UNREACHABLE_CODE = YES;
				CLANG_WARN__DUPLICATE_METHOD_MATCH = YES;
				"CODE_SIGN_IDENTITY[sdk=iphoneos*]" = "iPhone Developer";
				COPY_PHASE_STRIP = NO;
				DEBUG_INFORMATION_FORMAT = "dwarf-with-dsym";
				ENABLE_NS_ASSERTIONS = NO;
				ENABLE_STRICT_OBJC_MSGSEND = YES;
				GCC_C_LANGUAGE_STANDARD = gnu99;
				GCC_NO_COMMON_BLOCKS = YES;
				GCC_WARN_64_TO_32_BIT_CONVERSION = YES;
				GCC_WARN_ABOUT_RETURN_TYPE = YES_ERROR;
				GCC_WARN_UNDECLARED_SELECTOR = YES;
				GCC_WARN_UNINITIALIZED_AUTOS = YES_AGGRESSIVE;
				GCC_WARN_UNUSED_FUNCTION = YES;
				GCC_WARN_UNUSED_VARIABLE = YES;
				IPHONEOS_DEPLOYMENT_TARGET = 10.2;
				MTL_ENABLE_DEBUG_INFO = NO;
				SDKROOT = iphoneos;
				SWIFT_OPTIMIZATION_LEVEL = "-Owholemodule";
				VALIDATE_PRODUCT = YES;
			};
			name = Release;
		};
		AA21A5221E4666EB0062B2B8 /* Debug */ = {
			isa = XCBuildConfiguration;
			buildSettings = {
				ASSETCATALOG_COMPILER_APPICON_NAME = AppIcon;
				CLANG_ENABLE_MODULES = YES;
				INFOPLIST_FILE = GymBuddy1.0/Info.plist;
				LD_RUNPATH_SEARCH_PATHS = "$(inherited) @executable_path/Frameworks";
				PRODUCT_BUNDLE_IDENTIFIER = "Seneca-Meeks.GymBuddy1-0";
				PRODUCT_NAME = "$(TARGET_NAME)";
				SWIFT_OBJC_BRIDGING_HEADER = "GymBuddy1.0-Bridging-Header.h";
				SWIFT_OPTIMIZATION_LEVEL = "-Onone";
				SWIFT_VERSION = 3.0;
			};
			name = Debug;
		};
		AA21A5231E4666EB0062B2B8 /* Release */ = {
			isa = XCBuildConfiguration;
			buildSettings = {
				ASSETCATALOG_COMPILER_APPICON_NAME = AppIcon;
				CLANG_ENABLE_MODULES = YES;
				INFOPLIST_FILE = GymBuddy1.0/Info.plist;
				LD_RUNPATH_SEARCH_PATHS = "$(inherited) @executable_path/Frameworks";
				PRODUCT_BUNDLE_IDENTIFIER = "Seneca-Meeks.GymBuddy1-0";
				PRODUCT_NAME = "$(TARGET_NAME)";
				SWIFT_OBJC_BRIDGING_HEADER = "GymBuddy1.0-Bridging-Header.h";
				SWIFT_VERSION = 3.0;
			};
			name = Release;
		};
		AA21A5251E4666EB0062B2B8 /* Debug */ = {
			isa = XCBuildConfiguration;
			buildSettings = {
				ALWAYS_EMBED_SWIFT_STANDARD_LIBRARIES = YES;
				BUNDLE_LOADER = "$(TEST_HOST)";
				INFOPLIST_FILE = GymBuddy1.0Tests/Info.plist;
				LD_RUNPATH_SEARCH_PATHS = "$(inherited) @executable_path/Frameworks @loader_path/Frameworks";
				PRODUCT_BUNDLE_IDENTIFIER = "Seneca-Meeks.GymBuddy1-0Tests";
				PRODUCT_NAME = "$(TARGET_NAME)";
				SWIFT_VERSION = 3.0;
				TEST_HOST = "$(BUILT_PRODUCTS_DIR)/GymBuddy1.0.app/GymBuddy1.0";
			};
			name = Debug;
		};
		AA21A5261E4666EB0062B2B8 /* Release */ = {
			isa = XCBuildConfiguration;
			buildSettings = {
				ALWAYS_EMBED_SWIFT_STANDARD_LIBRARIES = YES;
				BUNDLE_LOADER = "$(TEST_HOST)";
				INFOPLIST_FILE = GymBuddy1.0Tests/Info.plist;
				LD_RUNPATH_SEARCH_PATHS = "$(inherited) @executable_path/Frameworks @loader_path/Frameworks";
				PRODUCT_BUNDLE_IDENTIFIER = "Seneca-Meeks.GymBuddy1-0Tests";
				PRODUCT_NAME = "$(TARGET_NAME)";
				SWIFT_VERSION = 3.0;
				TEST_HOST = "$(BUILT_PRODUCTS_DIR)/GymBuddy1.0.app/GymBuddy1.0";
			};
			name = Release;
		};
		AA21A5281E4666EB0062B2B8 /* Debug */ = {
			isa = XCBuildConfiguration;
			buildSettings = {
				ALWAYS_EMBED_SWIFT_STANDARD_LIBRARIES = YES;
				INFOPLIST_FILE = GymBuddy1.0UITests/Info.plist;
				LD_RUNPATH_SEARCH_PATHS = "$(inherited) @executable_path/Frameworks @loader_path/Frameworks";
				PRODUCT_BUNDLE_IDENTIFIER = "Seneca-Meeks.GymBuddy1-0UITests";
				PRODUCT_NAME = "$(TARGET_NAME)";
				SWIFT_VERSION = 3.0;
				TEST_TARGET_NAME = GymBuddy1.0;
			};
			name = Debug;
		};
		AA21A5291E4666EB0062B2B8 /* Release */ = {
			isa = XCBuildConfiguration;
			buildSettings = {
				ALWAYS_EMBED_SWIFT_STANDARD_LIBRARIES = YES;
				INFOPLIST_FILE = GymBuddy1.0UITests/Info.plist;
				LD_RUNPATH_SEARCH_PATHS = "$(inherited) @executable_path/Frameworks @loader_path/Frameworks";
				PRODUCT_BUNDLE_IDENTIFIER = "Seneca-Meeks.GymBuddy1-0UITests";
				PRODUCT_NAME = "$(TARGET_NAME)";
				SWIFT_VERSION = 3.0;
				TEST_TARGET_NAME = GymBuddy1.0;
			};
			name = Release;
		};
/* End XCBuildConfiguration section */

/* Begin XCConfigurationList section */
		AA21A4F41E4666EA0062B2B8 /* Build configuration list for PBXProject "GymBuddy1.0" */ = {
			isa = XCConfigurationList;
			buildConfigurations = (
				AA21A51F1E4666EB0062B2B8 /* Debug */,
				AA21A5201E4666EB0062B2B8 /* Release */,
			);
			defaultConfigurationIsVisible = 0;
			defaultConfigurationName = Release;
		};
		AA21A5211E4666EB0062B2B8 /* Build configuration list for PBXNativeTarget "GymBuddy1.0" */ = {
			isa = XCConfigurationList;
			buildConfigurations = (
				AA21A5221E4666EB0062B2B8 /* Debug */,
				AA21A5231E4666EB0062B2B8 /* Release */,
			);
			defaultConfigurationIsVisible = 0;
			defaultConfigurationName = Release;
		};
		AA21A5241E4666EB0062B2B8 /* Build configuration list for PBXNativeTarget "GymBuddy1.0Tests" */ = {
			isa = XCConfigurationList;
			buildConfigurations = (
				AA21A5251E4666EB0062B2B8 /* Debug */,
				AA21A5261E4666EB0062B2B8 /* Release */,
			);
			defaultConfigurationIsVisible = 0;
			defaultConfigurationName = Release;
		};
		AA21A5271E4666EB0062B2B8 /* Build configuration list for PBXNativeTarget "GymBuddy1.0UITests" */ = {
			isa = XCConfigurationList;
			buildConfigurations = (
				AA21A5281E4666EB0062B2B8 /* Debug */,
				AA21A5291E4666EB0062B2B8 /* Release */,
			);
			defaultConfigurationIsVisible = 0;
			defaultConfigurationName = Release;
		};
/* End XCConfigurationList section */
	};
	rootObject = AA21A4F11E4666EA0062B2B8 /* Project object */;
}
